
Microsoft Visual Studio Solution File, Format Version 12.00
# Visual Studio 15
VisualStudioVersion = 15.0.28307.852
MinimumVisualStudioVersion = 10.0.40219.1
Project("{FAE04EC0-301F-11D3-BF4B-00C04F79EFBC}") = "SMSIdentityApi", "SMSIdentityApi\SMSIdentityApi.csproj", "{30F53C87-AB6E-4A02-98AA-91243521FD9B}"
EndProject
Project("{FAE04EC0-301F-11D3-BF4B-00C04F79EFBC}") = "InfraStructure", "InfraStructure\InfraStructure.csproj", "{C7FD835C-5B45-45D1-8D51-5A5DB68F8AFA}"
EndProject
Project("{FAE04EC0-301F-11D3-BF4B-00C04F79EFBC}") = "Data", "Data\Data.csproj", "{CF416AF8-4D52-4FC9-AC7F-DF9261CCFB72}"
EndProject
Global
	GlobalSection(SolutionConfigurationPlatforms) = preSolution
		Debug|Any CPU = Debug|Any CPU
		Release|Any CPU = Release|Any CPU
	EndGlobalSection
	GlobalSection(ProjectConfigurationPlatforms) = postSolution
		{30F53C87-AB6E-4A02-98AA-91243521FD9B}.Debug|Any CPU.ActiveCfg = Debug|Any CPU
		{30F53C87-AB6E-4A02-98AA-91243521FD9B}.Debug|Any CPU.Build.0 = Debug|Any CPU
		{30F53C87-AB6E-4A02-98AA-91243521FD9B}.Release|Any CPU.ActiveCfg = Release|Any CPU
		{30F53C87-AB6E-4A02-98AA-91243521FD9B}.Release|Any CPU.Build.0 = Release|Any CPU
		{C7FD835C-5B45-45D1-8D51-5A5DB68F8AFA}.Debug|Any CPU.ActiveCfg = Debug|Any CPU
		{C7FD835C-5B45-45D1-8D51-5A5DB68F8AFA}.Debug|Any CPU.Build.0 = Debug|Any CPU
		{C7FD835C-5B45-45D1-8D51-5A5DB68F8AFA}.Release|Any CPU.ActiveCfg = Release|Any CPU
		{C7FD835C-5B45-45D1-8D51-5A5DB68F8AFA}.Release|Any CPU.Build.0 = Release|Any CPU
		{CF416AF8-4D52-4FC9-AC7F-DF9261CCFB72}.Debug|Any CPU.ActiveCfg = Debug|Any CPU
		{CF416AF8-4D52-4FC9-AC7F-DF9261CCFB72}.Debug|Any CPU.Build.0 = Debug|Any CPU
		{CF416AF8-4D52-4FC9-AC7F-DF9261CCFB72}.Release|Any CPU.ActiveCfg = Release|Any CPU
		{CF416AF8-4D52-4FC9-AC7F-DF9261CCFB72}.Release|Any CPU.Build.0 = Release|Any CPU
	EndGlobalSection
	GlobalSection(SolutionProperties) = preSolution
		HideSolutionNode = FALSE
	EndGlobalSection
	GlobalSection(ExtensibilityGlobals) = postSolution
		SolutionGuid = {F98BF0F3-4861-42F5-B6E6-289C063E66DE}
	EndGlobalSection
EndGlobal
